
Microsoft Visual Studio Solution File, Format Version 12.00
# Visual Studio Version 17
VisualStudioVersion = 17.14.36414.22
MinimumVisualStudioVersion = 10.0.40219.1
Project("{2150E333-8FDC-42A3-9474-1A3956D46DE8}") = "Task0", "Task0", "{02EA681E-C7D8-13C7-8484-4AC65E1B71E8}"
EndProject
Project("{FAE04EC0-301F-11D3-BF4B-00C04F79EFBC}") = "Tyuiu.PavlovaVV.Sprint4.Task0.V7", "Tyuiu.PavlovaVV.Sprint4.Task0.V7\Tyuiu.PavlovaVV.Sprint4.Task0.V7.csproj", "{B1005188-1069-4491-869E-BFC1E3273D90}"
EndProject
Project("{FAE04EC0-301F-11D3-BF4B-00C04F79EFBC}") = "Tyuiu.PavlovaVV.Sprint4.Task0.V7.Lib", "Tyuiu.PavlovaVV.Sprint4.Task0.V7.Lib\Tyuiu.PavlovaVV.Sprint4.Task0.V7.Lib.csproj", "{EEB4B2D0-E66B-4183-AA79-6BFD0720E67E}"
EndProject
Project("{FAE04EC0-301F-11D3-BF4B-00C04F79EFBC}") = "Tyuiu.PavlovaVV.Sprint4.Task0.V7.Test", "Tyuiu.PavlovaVV.Sprint4.Task0.V7.Test\Tyuiu.PavlovaVV.Sprint4.Task0.V7.Test.csproj", "{92E0B300-4097-491B-9FD9-CE74ACB3B250}"
EndProject
Project("{2150E333-8FDC-42A3-9474-1A3956D46DE8}") = "Task1", "Task1", "{D5B54E94-F2C2-4A78-B404-009A53BD0E1D}"
EndProject
Project("{FAE04EC0-301F-11D3-BF4B-00C04F79EFBC}") = "Tyuiu.PavlovaVV.Sprint4.Task1.V17", "Tyuiu.PavlovaVV.Sprint4.Task1.V17\Tyuiu.PavlovaVV.Sprint4.Task1.V17.csproj", "{61F02F73-4A1D-475F-984C-84D2353BA5D0}"
EndProject
Project("{FAE04EC0-301F-11D3-BF4B-00C04F79EFBC}") = "Tyuiu.PavlovaVV.Sprint4.Task1.V17.Lib", "Tyuiu.PavlovaVV.Sprint4.Task1.V17.Lib\Tyuiu.PavlovaVV.Sprint4.Task1.V17.Lib.csproj", "{BE1F444C-8A38-4638-96DF-8287141284AC}"
EndProject
Project("{FAE04EC0-301F-11D3-BF4B-00C04F79EFBC}") = "Tyuiu.PavlovaVV.Sprint4.Task1.V17.Test", "Tyuiu.PavlovaVV.Sprint4.Task1.V17.Test\Tyuiu.PavlovaVV.Sprint4.Task1.V17.Test.csproj", "{66F9BA5C-6869-4189-8838-D009E0FFDFC4}"
EndProject
Project("{2150E333-8FDC-42A3-9474-1A3956D46DE8}") = "Task2", "Task2", "{369F1791-975F-4825-9B61-2883F8CED8F1}"
EndProject
Project("{FAE04EC0-301F-11D3-BF4B-00C04F79EFBC}") = "Tyuiu.PavlovaVV.Sprint4.Task2.V27", "Tyuiu.PavlovaVV.Sprint4.Task2.V27\Tyuiu.PavlovaVV.Sprint4.Task2.V27.csproj", "{5B754F82-E95F-4040-98B5-D04D453368ED}"
EndProject
Project("{FAE04EC0-301F-11D3-BF4B-00C04F79EFBC}") = "Tyuiu.PavlovaVV.Sprint4.Task2.V27.Lib", "Tyuiu.PavlovaVV.Sprint4.Task2.V27.Lib\Tyuiu.PavlovaVV.Sprint4.Task2.V27.Lib.csproj", "{30726741-59C9-4D94-8301-A7DE4DA15C10}"
EndProject
Project("{FAE04EC0-301F-11D3-BF4B-00C04F79EFBC}") = "Tyuiu.PavlovaVV.Sprint4.Task2.V27.Test", "Tyuiu.PavlovaVV.Sprint4.Task2.V27.Test\Tyuiu.PavlovaVV.Sprint4.Task2.V27.Test.csproj", "{EAE276FC-B135-414A-BA87-816126E8F15B}"
EndProject
Project("{2150E333-8FDC-42A3-9474-1A3956D46DE8}") = "Task3", "Task3", "{8B0B1076-C120-4C26-8380-0C19B33DE52D}"
EndProject
Project("{FAE04EC0-301F-11D3-BF4B-00C04F79EFBC}") = "Tyuiu.PavlovaVV.Sprint4.Task3.V9", "Tyuiu.PavlovaVV.Sprint4.Task3.V9\Tyuiu.PavlovaVV.Sprint4.Task3.V9.csproj", "{9C054032-45A6-4404-8888-1DF537BE4EB6}"
EndProject
Project("{FAE04EC0-301F-11D3-BF4B-00C04F79EFBC}") = "Tyuiu.PavlovaVV.Sprint4.Task3.V9.Lib", "Tyuiu.PavlovaVV.Sprint4.Task3.V9.Lib\Tyuiu.PavlovaVV.Sprint4.Task3.V9.Lib.csproj", "{63010C93-26C6-40C9-B692-E47B3F1BF7E0}"
EndProject
Project("{FAE04EC0-301F-11D3-BF4B-00C04F79EFBC}") = "Tyuiu.PavlovaVV.Sprint4.Task3.V9.Test", "Tyuiu.PavlovaVV.Sprint4.Task3.V9.Test\Tyuiu.PavlovaVV.Sprint4.Task3.V9.Test.csproj", "{622BFFA8-FD3E-4C5F-A36C-9ADDCB4E5197}"
EndProject
Project("{2150E333-8FDC-42A3-9474-1A3956D46DE8}") = "Task4", "Task4", "{9F6A0AFD-13F9-4713-8B28-E4F1D5C22598}"
EndProject
Project("{FAE04EC0-301F-11D3-BF4B-00C04F79EFBC}") = "Tyuiu.PavlovaVV.Sprint4.Task4.V3", "Tyuiu.PavlovaVV.Sprint4.Task4.V3\Tyuiu.PavlovaVV.Sprint4.Task4.V3.csproj", "{3D3FA8B3-D5CD-4183-8A1B-539162CD7C2E}"
EndProject
Project("{FAE04EC0-301F-11D3-BF4B-00C04F79EFBC}") = "Tyuiu.PavlovaVV.Sprint4.Task4.V3.Lib", "Tyuiu.PavlovaVV.Sprint4.Task4.V3.Lib\Tyuiu.PavlovaVV.Sprint4.Task4.V3.Lib.csproj", "{902B4164-D147-4C91-A25C-BADFCFAE4BE2}"
EndProject
Project("{FAE04EC0-301F-11D3-BF4B-00C04F79EFBC}") = "Tyuiu.PavlovaVV.Sprint4.Task4.V3.Test", "Tyuiu.PavlovaVV.Sprint4.Task4.V3.Test\Tyuiu.PavlovaVV.Sprint4.Task4.V3.Test.csproj", "{593C1B0B-64D9-49F5-AED0-8C06BD9CCE60}"
EndProject
Project("{2150E333-8FDC-42A3-9474-1A3956D46DE8}") = "Task5", "Task5", "{BD05BD5A-31CF-46C4-9050-4E8B156F9B96}"
EndProject
Project("{FAE04EC0-301F-11D3-BF4B-00C04F79EFBC}") = "Tyuiu.PavlovaVV.Sprint4.Task5.V8", "Tyuiu.PavlovaVV.Srint4.Task5.V8\Tyuiu.PavlovaVV.Sprint4.Task5.V8.csproj", "{D2B1837E-C345-4EA8-8F92-957115237BE7}"
EndProject
Project("{FAE04EC0-301F-11D3-BF4B-00C04F79EFBC}") = "Tyuiu.PavlovaVV.Sprint4.Task5.V8.Lib", "Tyuiu.PavlovaVV.Sprint4.Task5.V8.Lib\Tyuiu.PavlovaVV.Sprint4.Task5.V8.Lib.csproj", "{4862E698-D2E8-43B2-9746-75A3E480122D}"
EndProject
Project("{FAE04EC0-301F-11D3-BF4B-00C04F79EFBC}") = "Tyuiu.PavlovaVV.Sprint4.Task5.V8.Test", "Tyuiu.PavlovaVV.Sprint4.Task5.V8.Test\Tyuiu.PavlovaVV.Sprint4.Task5.V8.Test.csproj", "{F7B4A80D-F571-40C4-86B9-6200FF83745F}"
EndProject
Global
	GlobalSection(SolutionConfigurationPlatforms) = preSolution
		Debug|Any CPU = Debug|Any CPU
		Release|Any CPU = Release|Any CPU
	EndGlobalSection
	GlobalSection(ProjectConfigurationPlatforms) = postSolution
		{B1005188-1069-4491-869E-BFC1E3273D90}.Debug|Any CPU.ActiveCfg = Debug|Any CPU
		{B1005188-1069-4491-869E-BFC1E3273D90}.Debug|Any CPU.Build.0 = Debug|Any CPU
		{B1005188-1069-4491-869E-BFC1E3273D90}.Release|Any CPU.ActiveCfg = Release|Any CPU
		{B1005188-1069-4491-869E-BFC1E3273D90}.Release|Any CPU.Build.0 = Release|Any CPU
		{EEB4B2D0-E66B-4183-AA79-6BFD0720E67E}.Debug|Any CPU.ActiveCfg = Debug|Any CPU
		{EEB4B2D0-E66B-4183-AA79-6BFD0720E67E}.Debug|Any CPU.Build.0 = Debug|Any CPU
		{EEB4B2D0-E66B-4183-AA79-6BFD0720E67E}.Release|Any CPU.ActiveCfg = Release|Any CPU
		{EEB4B2D0-E66B-4183-AA79-6BFD0720E67E}.Release|Any CPU.Build.0 = Release|Any CPU
		{92E0B300-4097-491B-9FD9-CE74ACB3B250}.Debug|Any CPU.ActiveCfg = Debug|Any CPU
		{92E0B300-4097-491B-9FD9-CE74ACB3B250}.Debug|Any CPU.Build.0 = Debug|Any CPU
		{92E0B300-4097-491B-9FD9-CE74ACB3B250}.Release|Any CPU.ActiveCfg = Release|Any CPU
		{92E0B300-4097-491B-9FD9-CE74ACB3B250}.Release|Any CPU.Build.0 = Release|Any CPU
		{61F02F73-4A1D-475F-984C-84D2353BA5D0}.Debug|Any CPU.ActiveCfg = Debug|Any CPU
		{61F02F73-4A1D-475F-984C-84D2353BA5D0}.Debug|Any CPU.Build.0 = Debug|Any CPU
		{61F02F73-4A1D-475F-984C-84D2353BA5D0}.Release|Any CPU.ActiveCfg = Release|Any CPU
		{61F02F73-4A1D-475F-984C-84D2353BA5D0}.Release|Any CPU.Build.0 = Release|Any CPU
		{BE1F444C-8A38-4638-96DF-8287141284AC}.Debug|Any CPU.ActiveCfg = Debug|Any CPU
		{BE1F444C-8A38-4638-96DF-8287141284AC}.Debug|Any CPU.Build.0 = Debug|Any CPU
		{BE1F444C-8A38-4638-96DF-8287141284AC}.Release|Any CPU.ActiveCfg = Release|Any CPU
		{BE1F444C-8A38-4638-96DF-8287141284AC}.Release|Any CPU.Build.0 = Release|Any CPU
		{66F9BA5C-6869-4189-8838-D009E0FFDFC4}.Debug|Any CPU.ActiveCfg = Debug|Any CPU
		{66F9BA5C-6869-4189-8838-D009E0FFDFC4}.Debug|Any CPU.Build.0 = Debug|Any CPU
		{66F9BA5C-6869-4189-8838-D009E0FFDFC4}.Release|Any CPU.ActiveCfg = Release|Any CPU
		{66F9BA5C-6869-4189-8838-D009E0FFDFC4}.Release|Any CPU.Build.0 = Release|Any CPU
		{5B754F82-E95F-4040-98B5-D04D453368ED}.Debug|Any CPU.ActiveCfg = Debug|Any CPU
		{5B754F82-E95F-4040-98B5-D04D453368ED}.Debug|Any CPU.Build.0 = Debug|Any CPU
		{5B754F82-E95F-4040-98B5-D04D453368ED}.Release|Any CPU.ActiveCfg = Release|Any CPU
		{5B754F82-E95F-4040-98B5-D04D453368ED}.Release|Any CPU.Build.0 = Release|Any CPU
		{30726741-59C9-4D94-8301-A7DE4DA15C10}.Debug|Any CPU.ActiveCfg = Debug|Any CPU
		{30726741-59C9-4D94-8301-A7DE4DA15C10}.Debug|Any CPU.Build.0 = Debug|Any CPU
		{30726741-59C9-4D94-8301-A7DE4DA15C10}.Release|Any CPU.ActiveCfg = Release|Any CPU
		{30726741-59C9-4D94-8301-A7DE4DA15C10}.Release|Any CPU.Build.0 = Release|Any CPU
		{EAE276FC-B135-414A-BA87-816126E8F15B}.Debug|Any CPU.ActiveCfg = Debug|Any CPU
		{EAE276FC-B135-414A-BA87-816126E8F15B}.Debug|Any CPU.Build.0 = Debug|Any CPU
		{EAE276FC-B135-414A-BA87-816126E8F15B}.Release|Any CPU.ActiveCfg = Release|Any CPU
		{EAE276FC-B135-414A-BA87-816126E8F15B}.Release|Any CPU.Build.0 = Release|Any CPU
		{9C054032-45A6-4404-8888-1DF537BE4EB6}.Debug|Any CPU.ActiveCfg = Debug|Any CPU
		{9C054032-45A6-4404-8888-1DF537BE4EB6}.Debug|Any CPU.Build.0 = Debug|Any CPU
		{9C054032-45A6-4404-8888-1DF537BE4EB6}.Release|Any CPU.ActiveCfg = Release|Any CPU
		{9C054032-45A6-4404-8888-1DF537BE4EB6}.Release|Any CPU.Build.0 = Release|Any CPU
		{63010C93-26C6-40C9-B692-E47B3F1BF7E0}.Debug|Any CPU.ActiveCfg = Debug|Any CPU
		{63010C93-26C6-40C9-B692-E47B3F1BF7E0}.Debug|Any CPU.Build.0 = Debug|Any CPU
		{63010C93-26C6-40C9-B692-E47B3F1BF7E0}.Release|Any CPU.ActiveCfg = Release|Any CPU
		{63010C93-26C6-40C9-B692-E47B3F1BF7E0}.Release|Any CPU.Build.0 = Release|Any CPU
		{622BFFA8-FD3E-4C5F-A36C-9ADDCB4E5197}.Debug|Any CPU.ActiveCfg = Debug|Any CPU
		{622BFFA8-FD3E-4C5F-A36C-9ADDCB4E5197}.Debug|Any CPU.Build.0 = Debug|Any CPU
		{622BFFA8-FD3E-4C5F-A36C-9ADDCB4E5197}.Release|Any CPU.ActiveCfg = Release|Any CPU
		{622BFFA8-FD3E-4C5F-A36C-9ADDCB4E5197}.Release|Any CPU.Build.0 = Release|Any CPU
		{3D3FA8B3-D5CD-4183-8A1B-539162CD7C2E}.Debug|Any CPU.ActiveCfg = Debug|Any CPU
		{3D3FA8B3-D5CD-4183-8A1B-539162CD7C2E}.Debug|Any CPU.Build.0 = Debug|Any CPU
		{3D3FA8B3-D5CD-4183-8A1B-539162CD7C2E}.Release|Any CPU.ActiveCfg = Release|Any CPU
		{3D3FA8B3-D5CD-4183-8A1B-539162CD7C2E}.Release|Any CPU.Build.0 = Release|Any CPU
		{902B4164-D147-4C91-A25C-BADFCFAE4BE2}.Debug|Any CPU.ActiveCfg = Debug|Any CPU
		{902B4164-D147-4C91-A25C-BADFCFAE4BE2}.Debug|Any CPU.Build.0 = Debug|Any CPU
		{902B4164-D147-4C91-A25C-BADFCFAE4BE2}.Release|Any CPU.ActiveCfg = Release|Any CPU
		{902B4164-D147-4C91-A25C-BADFCFAE4BE2}.Release|Any CPU.Build.0 = Release|Any CPU
		{593C1B0B-64D9-49F5-AED0-8C06BD9CCE60}.Debug|Any CPU.ActiveCfg = Debug|Any CPU
		{593C1B0B-64D9-49F5-AED0-8C06BD9CCE60}.Debug|Any CPU.Build.0 = Debug|Any CPU
		{593C1B0B-64D9-49F5-AED0-8C06BD9CCE60}.Release|Any CPU.ActiveCfg = Release|Any CPU
		{593C1B0B-64D9-49F5-AED0-8C06BD9CCE60}.Release|Any CPU.Build.0 = Release|Any CPU
		{D2B1837E-C345-4EA8-8F92-957115237BE7}.Debug|Any CPU.ActiveCfg = Debug|Any CPU
		{D2B1837E-C345-4EA8-8F92-957115237BE7}.Debug|Any CPU.Build.0 = Debug|Any CPU
		{D2B1837E-C345-4EA8-8F92-957115237BE7}.Release|Any CPU.ActiveCfg = Release|Any CPU
		{D2B1837E-C345-4EA8-8F92-957115237BE7}.Release|Any CPU.Build.0 = Release|Any CPU
		{4862E698-D2E8-43B2-9746-75A3E480122D}.Debug|Any CPU.ActiveCfg = Debug|Any CPU
		{4862E698-D2E8-43B2-9746-75A3E480122D}.Debug|Any CPU.Build.0 = Debug|Any CPU
		{4862E698-D2E8-43B2-9746-75A3E480122D}.Release|Any CPU.ActiveCfg = Release|Any CPU
		{4862E698-D2E8-43B2-9746-75A3E480122D}.Release|Any CPU.Build.0 = Release|Any CPU
		{F7B4A80D-F571-40C4-86B9-6200FF83745F}.Debug|Any CPU.ActiveCfg = Debug|Any CPU
		{F7B4A80D-F571-40C4-86B9-6200FF83745F}.Debug|Any CPU.Build.0 = Debug|Any CPU
		{F7B4A80D-F571-40C4-86B9-6200FF83745F}.Release|Any CPU.ActiveCfg = Release|Any CPU
		{F7B4A80D-F571-40C4-86B9-6200FF83745F}.Release|Any CPU.Build.0 = Release|Any CPU
	EndGlobalSection
	GlobalSection(SolutionProperties) = preSolution
		HideSolutionNode = FALSE
	EndGlobalSection
	GlobalSection(NestedProjects) = preSolution
		{B1005188-1069-4491-869E-BFC1E3273D90} = {02EA681E-C7D8-13C7-8484-4AC65E1B71E8}
		{EEB4B2D0-E66B-4183-AA79-6BFD0720E67E} = {02EA681E-C7D8-13C7-8484-4AC65E1B71E8}
		{92E0B300-4097-491B-9FD9-CE74ACB3B250} = {02EA681E-C7D8-13C7-8484-4AC65E1B71E8}
		{61F02F73-4A1D-475F-984C-84D2353BA5D0} = {D5B54E94-F2C2-4A78-B404-009A53BD0E1D}
		{BE1F444C-8A38-4638-96DF-8287141284AC} = {D5B54E94-F2C2-4A78-B404-009A53BD0E1D}
		{66F9BA5C-6869-4189-8838-D009E0FFDFC4} = {D5B54E94-F2C2-4A78-B404-009A53BD0E1D}
		{5B754F82-E95F-4040-98B5-D04D453368ED} = {369F1791-975F-4825-9B61-2883F8CED8F1}
		{30726741-59C9-4D94-8301-A7DE4DA15C10} = {369F1791-975F-4825-9B61-2883F8CED8F1}
		{EAE276FC-B135-414A-BA87-816126E8F15B} = {369F1791-975F-4825-9B61-2883F8CED8F1}
		{9C054032-45A6-4404-8888-1DF537BE4EB6} = {8B0B1076-C120-4C26-8380-0C19B33DE52D}
		{63010C93-26C6-40C9-B692-E47B3F1BF7E0} = {8B0B1076-C120-4C26-8380-0C19B33DE52D}
		{622BFFA8-FD3E-4C5F-A36C-9ADDCB4E5197} = {8B0B1076-C120-4C26-8380-0C19B33DE52D}
		{3D3FA8B3-D5CD-4183-8A1B-539162CD7C2E} = {9F6A0AFD-13F9-4713-8B28-E4F1D5C22598}
		{902B4164-D147-4C91-A25C-BADFCFAE4BE2} = {9F6A0AFD-13F9-4713-8B28-E4F1D5C22598}
		{593C1B0B-64D9-49F5-AED0-8C06BD9CCE60} = {9F6A0AFD-13F9-4713-8B28-E4F1D5C22598}
		{D2B1837E-C345-4EA8-8F92-957115237BE7} = {BD05BD5A-31CF-46C4-9050-4E8B156F9B96}
		{4862E698-D2E8-43B2-9746-75A3E480122D} = {BD05BD5A-31CF-46C4-9050-4E8B156F9B96}
		{F7B4A80D-F571-40C4-86B9-6200FF83745F} = {BD05BD5A-31CF-46C4-9050-4E8B156F9B96}
	EndGlobalSection
	GlobalSection(ExtensibilityGlobals) = postSolution
		SolutionGuid = {E07E0DE5-986B-4205-B1DE-B0849E06F7B7}
	EndGlobalSection
EndGlobal
